
Microsoft Visual Studio Solution File, Format Version 12.00
Project("{FAE04EC0-301F-11D3-BF4B-00C04F79EFBC}") = "AoC13", "AoC13\AoC13.csproj", "{D885291E-4BD8-43AD-A830-00F8BB579665}"
EndProject
Global
	GlobalSection(SolutionConfigurationPlatforms) = preSolution
		Debug|Any CPU = Debug|Any CPU
		Release|Any CPU = Release|Any CPU
	EndGlobalSection
	GlobalSection(ProjectConfigurationPlatforms) = postSolution
		{D885291E-4BD8-43AD-A830-00F8BB579665}.Debug|Any CPU.ActiveCfg = Debug|Any CPU
		{D885291E-4BD8-43AD-A830-00F8BB579665}.Debug|Any CPU.Build.0 = Debug|Any CPU
		{D885291E-4BD8-43AD-A830-00F8BB579665}.Release|Any CPU.ActiveCfg = Release|Any CPU
		{D885291E-4BD8-43AD-A830-00F8BB579665}.Release|Any CPU.Build.0 = Release|Any CPU
	EndGlobalSection
EndGlobal
