
Microsoft Visual Studio Solution File, Format Version 12.00
Project("{FAE04EC0-301F-11D3-BF4B-00C04F79EFBC}") = "Benchmarking", "Benchmarking\Benchmarking.csproj", "{443FFF59-1F1B-4ED4-95DB-F0F80B55EC2F}"
EndProject
Project("{FAE04EC0-301F-11D3-BF4B-00C04F79EFBC}") = "AoC1", "..\AoC1\AoC1.csproj", "{FD48B4B2-AE9D-4614-91E2-998FC7B097C6}"
EndProject
Global
	GlobalSection(SolutionConfigurationPlatforms) = preSolution
		Debug|Any CPU = Debug|Any CPU
		Release|Any CPU = Release|Any CPU
	EndGlobalSection
	GlobalSection(ProjectConfigurationPlatforms) = postSolution
		{443FFF59-1F1B-4ED4-95DB-F0F80B55EC2F}.Debug|Any CPU.ActiveCfg = Debug|Any CPU
		{443FFF59-1F1B-4ED4-95DB-F0F80B55EC2F}.Debug|Any CPU.Build.0 = Debug|Any CPU
		{443FFF59-1F1B-4ED4-95DB-F0F80B55EC2F}.Release|Any CPU.ActiveCfg = Release|Any CPU
		{443FFF59-1F1B-4ED4-95DB-F0F80B55EC2F}.Release|Any CPU.Build.0 = Release|Any CPU
		{FD48B4B2-AE9D-4614-91E2-998FC7B097C6}.Debug|Any CPU.ActiveCfg = Debug|Any CPU
		{FD48B4B2-AE9D-4614-91E2-998FC7B097C6}.Debug|Any CPU.Build.0 = Debug|Any CPU
		{FD48B4B2-AE9D-4614-91E2-998FC7B097C6}.Release|Any CPU.ActiveCfg = Release|Any CPU
		{FD48B4B2-AE9D-4614-91E2-998FC7B097C6}.Release|Any CPU.Build.0 = Release|Any CPU
	EndGlobalSection
EndGlobal
