
Microsoft Visual Studio Solution File, Format Version 12.00
Project("{FAE04EC0-301F-11D3-BF4B-00C04F79EFBC}") = "AoC15", "AoC15\AoC15.csproj", "{F652E968-79A6-4F81-AADC-C0619DFD473B}"
EndProject
Global
	GlobalSection(SolutionConfigurationPlatforms) = preSolution
		Debug|Any CPU = Debug|Any CPU
		Release|Any CPU = Release|Any CPU
	EndGlobalSection
	GlobalSection(ProjectConfigurationPlatforms) = postSolution
		{F652E968-79A6-4F81-AADC-C0619DFD473B}.Debug|Any CPU.ActiveCfg = Debug|Any CPU
		{F652E968-79A6-4F81-AADC-C0619DFD473B}.Debug|Any CPU.Build.0 = Debug|Any CPU
		{F652E968-79A6-4F81-AADC-C0619DFD473B}.Release|Any CPU.ActiveCfg = Release|Any CPU
		{F652E968-79A6-4F81-AADC-C0619DFD473B}.Release|Any CPU.Build.0 = Release|Any CPU
	EndGlobalSection
EndGlobal
