
Microsoft Visual Studio Solution File, Format Version 12.00
Project("{FAE04EC0-301F-11D3-BF4B-00C04F79EFBC}") = "AoC11", "AoC11\AoC11.csproj", "{A8AFC17F-D184-4E15-A014-F70ACB414194}"
EndProject
Global
	GlobalSection(SolutionConfigurationPlatforms) = preSolution
		Debug|Any CPU = Debug|Any CPU
		Release|Any CPU = Release|Any CPU
	EndGlobalSection
	GlobalSection(ProjectConfigurationPlatforms) = postSolution
		{A8AFC17F-D184-4E15-A014-F70ACB414194}.Debug|Any CPU.ActiveCfg = Debug|Any CPU
		{A8AFC17F-D184-4E15-A014-F70ACB414194}.Debug|Any CPU.Build.0 = Debug|Any CPU
		{A8AFC17F-D184-4E15-A014-F70ACB414194}.Release|Any CPU.ActiveCfg = Release|Any CPU
		{A8AFC17F-D184-4E15-A014-F70ACB414194}.Release|Any CPU.Build.0 = Release|Any CPU
	EndGlobalSection
EndGlobal
